
Microsoft Visual Studio Solution File, Format Version 12.00
# Visual Studio Version 17
VisualStudioVersion = 17.11.35303.130
MinimumVisualStudioVersion = 10.0.40219.1
Project("{FAE04EC0-301F-11D3-BF4B-00C04F79EFBC}") = "WineAPI", "WineAPI\WineAPI.csproj", "{C6AD2C73-5946-4EFD-A511-BAB7FE1B134D}"
EndProject
Project("{FAE04EC0-301F-11D3-BF4B-00C04F79EFBC}") = "WineCode", "WineCode\WineCode.csproj", "{709008E1-A2E6-446A-831B-D3259E5AB476}"
EndProject
Global
	GlobalSection(SolutionConfigurationPlatforms) = preSolution
		Debug|Any CPU = Debug|Any CPU
		Release|Any CPU = Release|Any CPU
	EndGlobalSection
	GlobalSection(ProjectConfigurationPlatforms) = postSolution
		{C6AD2C73-5946-4EFD-A511-BAB7FE1B134D}.Debug|Any CPU.ActiveCfg = Debug|Any CPU
		{C6AD2C73-5946-4EFD-A511-BAB7FE1B134D}.Debug|Any CPU.Build.0 = Debug|Any CPU
		{C6AD2C73-5946-4EFD-A511-BAB7FE1B134D}.Release|Any CPU.ActiveCfg = Release|Any CPU
		{C6AD2C73-5946-4EFD-A511-BAB7FE1B134D}.Release|Any CPU.Build.0 = Release|Any CPU
		{709008E1-A2E6-446A-831B-D3259E5AB476}.Debug|Any CPU.ActiveCfg = Debug|Any CPU
		{709008E1-A2E6-446A-831B-D3259E5AB476}.Debug|Any CPU.Build.0 = Debug|Any CPU
		{709008E1-A2E6-446A-831B-D3259E5AB476}.Release|Any CPU.ActiveCfg = Release|Any CPU
		{709008E1-A2E6-446A-831B-D3259E5AB476}.Release|Any CPU.Build.0 = Release|Any CPU
	EndGlobalSection
	GlobalSection(SolutionProperties) = preSolution
		HideSolutionNode = FALSE
	EndGlobalSection
	GlobalSection(ExtensibilityGlobals) = postSolution
		SolutionGuid = {79DA1881-76F2-4416-9E1A-28B84242FDD0}
	EndGlobalSection
EndGlobal
